{
  "nodes": {
    "agenix": {
      "inputs": {
        "darwin": "darwin",
        "home-manager": "home-manager",
        "nixpkgs": "nixpkgs",
        "systems": "systems"
      },
      "locked": {
        "lastModified": 1761656077,
        "narHash": "sha256-lsNWuj4Z+pE7s0bd2OKicOFq9bK86JE0ZGeKJbNqb94=",
        "owner": "ryantm",
        "repo": "agenix",
        "rev": "9ba0d85de3eaa7afeab493fed622008b6e4924f5",
        "type": "github"
      },
      "original": {
        "owner": "ryantm",
        "repo": "agenix",
        "type": "github"
      }
    },
    "alacritty-theme": {
      "inputs": {
        "alacritty-theme": "alacritty-theme_2",
        "flake-parts": "flake-parts",
        "nixpkgs": "nixpkgs_2"
      },
      "locked": {
        "lastModified": 1756311924,
        "narHash": "sha256-kVqZkQLjg7xeJAFEFByjXJDyg+go/oPRaAFQH8PQy54=",
        "owner": "alexghr",
        "repo": "alacritty-theme.nix",
        "rev": "ea7902acba0bed97d949a574e574067150693768",
        "type": "github"
      },
      "original": {
        "owner": "alexghr",
        "repo": "alacritty-theme.nix",
        "type": "github"
      }
    },
    "alacritty-theme_2": {
      "flake": false,
      "locked": {
        "lastModified": 1755556975,
        "narHash": "sha256-R7OdOSGhT0ag0HOfGaCklxo2py1qhSFhapkgTNwzRC4=",
        "owner": "alacritty",
        "repo": "alacritty-theme",
        "rev": "40e0c6c8690d1c62f58718fcef8a48eb6077740b",
        "type": "github"
      },
      "original": {
        "owner": "alacritty",
        "repo": "alacritty-theme",
        "type": "github"
      }
    },
    "betterfox-nix": {
      "inputs": {
        "flake-parts": "flake-parts_2",
        "import-tree": "import-tree",
        "nixpkgs": [
          "nixpkgs"
        ],
        "systems": "systems_2"
      },
      "locked": {
        "lastModified": 1761562526,
        "narHash": "sha256-+mYl7DCF3Jex2hescIWVPgNODQdlP1uKtLoWlmv8n0U=",
        "owner": "HeitorAugustoLN",
        "repo": "betterfox-nix",
        "rev": "ddcd4db899a98606f7714cb7b5b4eb916947478a",
        "type": "github"
      },
      "original": {
        "owner": "HeitorAugustoLN",
        "repo": "betterfox-nix",
        "type": "github"
      }
    },
    "btw": {
      "flake": false,
      "locked": {
        "lastModified": 1712766747,
        "narHash": "sha256-91DZUfa4FBvXnkcNHdllr82Dr1Ie+MGVD3ibwkqo04c=",
        "owner": "letieu",
        "repo": "btw.nvim",
        "rev": "47f6419e90d3383987fd06e8f3e06a4bc032ac83",
        "type": "github"
      },
      "original": {
        "owner": "letieu",
        "repo": "btw.nvim",
        "type": "github"
      }
    },
    "claudecode": {
      "flake": false,
      "locked": {
        "lastModified": 1760892433,
        "narHash": "sha256-XYmf1RQ2bVK6spINZW4rg6OQQ5CWWcR0Tw4QX8ZDjgs=",
        "owner": "coder",
        "repo": "claudecode.nvim",
        "rev": "1552086ebcce9f4a2ea3b9793018a884d6b60169",
        "type": "github"
      },
      "original": {
        "owner": "coder",
        "repo": "claudecode.nvim",
        "type": "github"
      }
    },
    "darwin": {
      "inputs": {
        "nixpkgs": [
          "agenix",
          "nixpkgs"
        ]
      },
      "locked": {
        "lastModified": 1744478979,
        "narHash": "sha256-dyN+teG9G82G+m+PX/aSAagkC+vUv0SgUw3XkPhQodQ=",
        "owner": "lnl7",
        "repo": "nix-darwin",
        "rev": "43975d782b418ebf4969e9ccba82466728c2851b",
        "type": "github"
      },
      "original": {
        "owner": "lnl7",
        "ref": "master",
        "repo": "nix-darwin",
        "type": "github"
      }
    },
    "english-words": {
      "flake": false,
      "locked": {
        "lastModified": 1736184845,
        "narHash": "sha256-PfBQ9iavOLx7M8+j0TXASUxVamPiQn2YXsiuUmz4XCg=",
        "owner": "dwyl",
        "repo": "english-words",
        "rev": "20f5cc9b3f0ccc8ce45d814c532b7c2031bba31c",
        "type": "github"
      },
      "original": {
        "owner": "dwyl",
        "repo": "english-words",
        "type": "github"
      }
    },
    "fast-syntax-highlighting": {
      "flake": false,
      "locked": {
        "lastModified": 1752660993,
        "narHash": "sha256-ZihUL4JAVk9V+IELSakytlb24BvEEJ161CQEHZYYoSA=",
        "owner": "zdharma-continuum",
        "repo": "fast-syntax-highlighting",
        "rev": "3d574ccf48804b10dca52625df13da5edae7f553",
        "type": "github"
      },
      "original": {
        "owner": "zdharma-continuum",
        "repo": "fast-syntax-highlighting",
        "type": "github"
      }
    },
    "firefox-addons": {
      "inputs": {
        "nixpkgs": [
          "nixpkgs"
        ]
      },
      "locked": {
        "dir": "pkgs/firefox-addons",
        "lastModified": 1761624227,
        "narHash": "sha256-AtfbVuB48QY0Ou3upSFEsYBJNmW1+S84nWQwZSzHQOY=",
        "owner": "rycee",
        "repo": "nur-expressions",
        "rev": "23ad46145f62fcade09f1c609c660c45444f72b5",
        "type": "gitlab"
      },
      "original": {
        "dir": "pkgs/firefox-addons",
        "owner": "rycee",
        "repo": "nur-expressions",
        "type": "gitlab"
      }
    },
    "flake-compat": {
      "flake": false,
      "locked": {
        "lastModified": 1641205782,
        "narHash": "sha256-4jY7RCWUoZ9cKD8co0/4tFARpWB+57+r1bLLvXNJliY=",
        "owner": "edolstra",
        "repo": "flake-compat",
        "rev": "b7547d3eed6f32d06102ead8991ec52ab0a4f1a7",
        "type": "github"
      },
      "original": {
        "owner": "edolstra",
        "repo": "flake-compat",
        "type": "github"
      }
    },
    "flake-compat_2": {
      "flake": false,
      "locked": {
        "lastModified": 1641205782,
        "narHash": "sha256-4jY7RCWUoZ9cKD8co0/4tFARpWB+57+r1bLLvXNJliY=",
        "owner": "edolstra",
        "repo": "flake-compat",
        "rev": "b7547d3eed6f32d06102ead8991ec52ab0a4f1a7",
        "type": "github"
      },
      "original": {
        "owner": "edolstra",
        "repo": "flake-compat",
        "type": "github"
      }
    },
    "flake-compat_3": {
      "flake": false,
      "locked": {
        "lastModified": 1747046372,
        "narHash": "sha256-CIVLLkVgvHYbgI2UpXvIIBJ12HWgX+fjA8Xf8PUmqCY=",
        "owner": "edolstra",
        "repo": "flake-compat",
        "rev": "9100a0f413b0c601e0533d1d94ffd501ce2e7885",
        "type": "github"
      },
      "original": {
        "owner": "edolstra",
        "repo": "flake-compat",
        "type": "github"
      }
    },
    "flake-compat_4": {
      "flake": false,
      "locked": {
        "lastModified": 1747046372,
        "narHash": "sha256-CIVLLkVgvHYbgI2UpXvIIBJ12HWgX+fjA8Xf8PUmqCY=",
        "owner": "edolstra",
        "repo": "flake-compat",
        "rev": "9100a0f413b0c601e0533d1d94ffd501ce2e7885",
        "type": "github"
      },
      "original": {
        "owner": "edolstra",
        "repo": "flake-compat",
        "type": "github"
      }
    },
    "flake-compat_5": {
      "flake": false,
      "locked": {
        "lastModified": 1747046372,
        "narHash": "sha256-CIVLLkVgvHYbgI2UpXvIIBJ12HWgX+fjA8Xf8PUmqCY=",
        "owner": "edolstra",
        "repo": "flake-compat",
        "rev": "9100a0f413b0c601e0533d1d94ffd501ce2e7885",
        "type": "github"
      },
      "original": {
        "owner": "edolstra",
        "repo": "flake-compat",
        "type": "github"
      }
    },
    "flake-parts": {
      "inputs": {
        "nixpkgs-lib": "nixpkgs-lib"
      },
      "locked": {
        "lastModified": 1743550720,
        "narHash": "sha256-hIshGgKZCgWh6AYJpJmRgFdR3WUbkY04o82X05xqQiY=",
        "owner": "hercules-ci",
        "repo": "flake-parts",
        "rev": "c621e8422220273271f52058f618c94e405bb0f5",
        "type": "github"
      },
      "original": {
        "owner": "hercules-ci",
        "repo": "flake-parts",
        "type": "github"
      }
    },
    "flake-parts_2": {
      "inputs": {
        "nixpkgs-lib": [
          "betterfox-nix",
          "nixpkgs"
        ]
      },
      "locked": {
        "lastModified": 1760948891,
        "narHash": "sha256-TmWcdiUUaWk8J4lpjzu4gCGxWY6/Ok7mOK4fIFfBuU4=",
        "owner": "hercules-ci",
        "repo": "flake-parts",
        "rev": "864599284fc7c0ba6357ed89ed5e2cd5040f0c04",
        "type": "github"
      },
      "original": {
        "owner": "hercules-ci",
        "repo": "flake-parts",
        "type": "github"
      }
    },
    "flake-parts_3": {
      "inputs": {
        "nixpkgs-lib": "nixpkgs-lib_2"
      },
      "locked": {
        "lastModified": 1760948891,
        "narHash": "sha256-TmWcdiUUaWk8J4lpjzu4gCGxWY6/Ok7mOK4fIFfBuU4=",
        "owner": "hercules-ci",
        "repo": "flake-parts",
        "rev": "864599284fc7c0ba6357ed89ed5e2cd5040f0c04",
        "type": "github"
      },
      "original": {
        "owner": "hercules-ci",
        "repo": "flake-parts",
        "type": "github"
      }
    },
    "flake-parts_4": {
      "inputs": {
        "nixpkgs-lib": [
          "nur",
          "nixpkgs"
        ]
      },
      "locked": {
        "lastModified": 1733312601,
        "narHash": "sha256-4pDvzqnegAfRkPwO3wmwBhVi/Sye1mzps0zHWYnP88c=",
        "owner": "hercules-ci",
        "repo": "flake-parts",
        "rev": "205b12d8b7cd4802fbcb8e8ef6a0f1408781a4f9",
        "type": "github"
      },
      "original": {
        "owner": "hercules-ci",
        "repo": "flake-parts",
        "type": "github"
      }
    },
    "flake-parts_5": {
      "inputs": {
        "nixpkgs-lib": [
          "nxvm",
          "nixpkgs"
        ]
      },
      "locked": {
        "lastModified": 1760948891,
        "narHash": "sha256-TmWcdiUUaWk8J4lpjzu4gCGxWY6/Ok7mOK4fIFfBuU4=",
        "owner": "hercules-ci",
        "repo": "flake-parts",
        "rev": "864599284fc7c0ba6357ed89ed5e2cd5040f0c04",
        "type": "github"
      },
      "original": {
        "owner": "hercules-ci",
        "repo": "flake-parts",
        "type": "github"
      }
    },
    "flake-utils": {
      "inputs": {
        "systems": "systems_4"
      },
      "locked": {
        "lastModified": 1731533236,
        "narHash": "sha256-l0KFg5HjrsfsO/JpG+r7fRrqm12kzFHyUHqHCVpMMbI=",
        "owner": "numtide",
        "repo": "flake-utils",
        "rev": "11707dc2f618dd54ca8739b309ec4fc024de578b",
        "type": "github"
      },
      "original": {
        "owner": "numtide",
        "repo": "flake-utils",
        "type": "github"
      }
    },
    "flake-utils_2": {
      "locked": {
        "lastModified": 1644229661,
        "narHash": "sha256-1YdnJAsNy69bpcjuoKdOYQX0YxZBiCYZo4Twxerqv7k=",
        "owner": "numtide",
        "repo": "flake-utils",
        "rev": "3cecb5b042f7f209c56ffd8371b2711a290ec797",
        "type": "github"
      },
      "original": {
        "owner": "numtide",
        "repo": "flake-utils",
        "type": "github"
      }
    },
    "flake-utils_3": {
      "locked": {
        "lastModified": 1644229661,
        "narHash": "sha256-1YdnJAsNy69bpcjuoKdOYQX0YxZBiCYZo4Twxerqv7k=",
        "owner": "numtide",
        "repo": "flake-utils",
        "rev": "3cecb5b042f7f209c56ffd8371b2711a290ec797",
        "type": "github"
      },
      "original": {
        "owner": "numtide",
        "repo": "flake-utils",
        "type": "github"
      }
    },
    "flake-utils_4": {
      "inputs": {
        "systems": "systems_5"
      },
      "locked": {
        "lastModified": 1731533236,
        "narHash": "sha256-l0KFg5HjrsfsO/JpG+r7fRrqm12kzFHyUHqHCVpMMbI=",
        "owner": "numtide",
        "repo": "flake-utils",
        "rev": "11707dc2f618dd54ca8739b309ec4fc024de578b",
        "type": "github"
      },
      "original": {
        "owner": "numtide",
        "repo": "flake-utils",
        "type": "github"
      }
    },
    "flake-utils_5": {
      "locked": {
        "lastModified": 1644229661,
        "narHash": "sha256-1YdnJAsNy69bpcjuoKdOYQX0YxZBiCYZo4Twxerqv7k=",
        "owner": "numtide",
        "repo": "flake-utils",
        "rev": "3cecb5b042f7f209c56ffd8371b2711a290ec797",
        "type": "github"
      },
      "original": {
        "owner": "numtide",
        "repo": "flake-utils",
        "type": "github"
      }
    },
    "git-alias": {
      "flake": false,
      "locked": {
        "lastModified": 1752772333,
        "narHash": "sha256-dJSAsdKaeCXZT0w4JVfYiVj0V1QNv5m01ajM3TbFvUY=",
        "owner": "GitAlias",
        "repo": "gitalias",
        "rev": "b6980478e27e53baced06154ef86843bbf08b137",
        "type": "github"
      },
      "original": {
        "owner": "GitAlias",
        "repo": "gitalias",
        "type": "github"
      }
    },
    "git-hooks": {
      "inputs": {
        "flake-compat": "flake-compat_4",
        "gitignore": "gitignore",
        "nixpkgs": [
          "nxvm",
          "neovim-nightly-overlay",
          "nixpkgs"
        ]
      },
      "locked": {
        "lastModified": 1760663237,
        "narHash": "sha256-BflA6U4AM1bzuRMR8QqzPXqh8sWVCNDzOdsxXEguJIc=",
        "owner": "cachix",
        "repo": "git-hooks.nix",
        "rev": "ca5b894d3e3e151ffc1db040b6ce4dcc75d31c37",
        "type": "github"
      },
      "original": {
        "owner": "cachix",
        "repo": "git-hooks.nix",
        "type": "github"
      }
    },
    "gitignore": {
      "inputs": {
        "nixpkgs": [
          "nxvm",
          "neovim-nightly-overlay",
          "git-hooks",
          "nixpkgs"
        ]
      },
      "locked": {
        "lastModified": 1709087332,
        "narHash": "sha256-HG2cCnktfHsKV0s4XW83gU3F57gaTljL9KNSuG6bnQs=",
        "owner": "hercules-ci",
        "repo": "gitignore.nix",
        "rev": "637db329424fd7e46cf4185293b9cc8c88c95394",
        "type": "github"
      },
      "original": {
        "owner": "hercules-ci",
        "repo": "gitignore.nix",
        "type": "github"
      }
    },
    "gitignore_2": {
      "inputs": {
        "nixpkgs": [
          "nxvm",
          "pre-commit-hooks",
          "nixpkgs"
        ]
      },
      "locked": {
        "lastModified": 1709087332,
        "narHash": "sha256-HG2cCnktfHsKV0s4XW83gU3F57gaTljL9KNSuG6bnQs=",
        "owner": "hercules-ci",
        "repo": "gitignore.nix",
        "rev": "637db329424fd7e46cf4185293b9cc8c88c95394",
        "type": "github"
      },
      "original": {
        "owner": "hercules-ci",
        "repo": "gitignore.nix",
        "type": "github"
      }
    },
    "gitlinker": {
      "flake": false,
      "locked": {
        "lastModified": 1758901451,
        "narHash": "sha256-J7WG0xoVI9NKrOrgA7zTdD/Q4gSh+Hhg/wAIh/1RmDA=",
        "owner": "linrongbin16",
        "repo": "gitlinker.nvim",
        "rev": "7c1fae10e39fba627a433a0d7126683c79af289f",
        "type": "github"
      },
      "original": {
        "owner": "linrongbin16",
        "repo": "gitlinker.nvim",
        "type": "github"
      }
    },
    "golink": {
      "inputs": {
        "nixpkgs": "nixpkgs_3",
        "systems": "systems_3"
      },
      "locked": {
        "lastModified": 1760925941,
        "narHash": "sha256-M+EJsr6z05heKk6iuh3RWZS+9gAMBwG9IyryACVpOy0=",
        "owner": "tailscale",
        "repo": "golink",
        "rev": "42765dea97afa9f9f5ea167fb0df6f5372d78481",
        "type": "github"
      },
      "original": {
        "owner": "tailscale",
        "repo": "golink",
        "type": "github"
      }
    },
    "hercules-ci-effects": {
      "inputs": {
        "flake-parts": [
          "nxvm",
          "neovim-nightly-overlay",
          "flake-parts"
        ],
        "nixpkgs": [
          "nxvm",
          "neovim-nightly-overlay",
          "nixpkgs"
        ]
      },
      "locked": {
        "lastModified": 1761230615,
        "narHash": "sha256-pLE7U5gOtlA/2wbKCsVRYf5DqMQ5TWBCrCfZGytDDeo=",
        "owner": "hercules-ci",
        "repo": "hercules-ci-effects",
        "rev": "7db2b867219a26781437d840ce457b75b7645154",
        "type": "github"
      },
      "original": {
        "owner": "hercules-ci",
        "repo": "hercules-ci-effects",
        "type": "github"
      }
    },
    "home-manager": {
      "inputs": {
        "nixpkgs": [
          "agenix",
          "nixpkgs"
        ]
      },
      "locked": {
        "lastModified": 1745494811,
        "narHash": "sha256-YZCh2o9Ua1n9uCvrvi5pRxtuVNml8X2a03qIFfRKpFs=",
        "owner": "nix-community",
        "repo": "home-manager",
        "rev": "abfad3d2958c9e6300a883bd443512c55dfeb1be",
        "type": "github"
      },
      "original": {
        "owner": "nix-community",
        "repo": "home-manager",
        "type": "github"
      }
    },
    "home-manager_2": {
      "inputs": {
        "nixpkgs": [
          "nixpkgs"
        ]
      },
      "locked": {
        "lastModified": 1761666354,
        "narHash": "sha256-fHr+tIYBJccNF8QWqgowfRmEAtAMSt1deZIRNKL8A7c=",
        "owner": "nix-community",
        "repo": "home-manager",
        "rev": "ca2ab1d877a24d5a437dad62f56b8b2c02e964e9",
        "type": "github"
      },
      "original": {
        "owner": "nix-community",
        "repo": "home-manager",
        "type": "github"
      }
    },
    "import-tree": {
      "locked": {
        "lastModified": 1761120675,
        "narHash": "sha256-TEbh9zISiQcU82VwVoEbmXHnSGlUxTwvjJA9g9ErSDA=",
        "owner": "vic",
        "repo": "import-tree",
        "rev": "a037ed2a58fc0ebed9e93b9ef79b0646e648f719",
        "type": "github"
      },
      "original": {
        "owner": "vic",
        "repo": "import-tree",
        "type": "github"
      }
    },
    "ixx": {
      "inputs": {
        "flake-utils": [
          "nxvm",
          "nixvim",
          "nuschtosSearch",
          "flake-utils"
        ],
        "nixpkgs": [
          "nxvm",
          "nixvim",
          "nuschtosSearch",
          "nixpkgs"
        ]
      },
      "locked": {
        "lastModified": 1754860581,
        "narHash": "sha256-EM0IE63OHxXCOpDHXaTyHIOk2cNvMCGPqLt/IdtVxgk=",
        "owner": "NuschtOS",
        "repo": "ixx",
        "rev": "babfe85a876162c4acc9ab6fb4483df88fa1f281",
        "type": "github"
      },
      "original": {
        "owner": "NuschtOS",
        "ref": "v0.1.1",
        "repo": "ixx",
        "type": "github"
      }
    },
    "kube-aliases": {
      "flake": false,
      "locked": {
        "lastModified": 1676856087,
        "narHash": "sha256-+PCDWYgl/s+KbQ2pxbhlUv+WQB6njrJYFHhtxxzQgPM=",
        "owner": "Dbz",
        "repo": "kube-aliases",
        "rev": "bfba5b625d613522947b1f526728cfba9430af63",
        "type": "github"
      },
      "original": {
        "owner": "Dbz",
        "repo": "kube-aliases",
        "type": "github"
      }
    },
    "mcp-servers-nix": {
      "inputs": {
        "nixpkgs": [
          "nixpkgs"
        ]
      },
      "locked": {
        "lastModified": 1761590100,
        "narHash": "sha256-7hQgKHEEBAXliATg+M+l0CLBx0VcBGu9goYrGJJNdhU=",
        "owner": "natsukium",
        "repo": "mcp-servers-nix",
        "rev": "796c468fcdcedb1370fc9c9b5033ea6336b803ef",
        "type": "github"
      },
      "original": {
        "owner": "natsukium",
        "repo": "mcp-servers-nix",
        "type": "github"
      }
    },
    "neo-tree": {
      "flake": false,
      "locked": {
        "lastModified": 1761425798,
        "narHash": "sha256-HCSEBTssZk/ANsprQwVLIK8j+cRWY5WnHlon0NhDnXo=",
        "owner": "nvim-neo-tree",
        "repo": "neo-tree.nvim",
        "rev": "fa61e064895d6eff509f5fcb7b2b77b195c4291f",
        "type": "github"
      },
      "original": {
        "owner": "nvim-neo-tree",
        "repo": "neo-tree.nvim",
        "type": "github"
      }
    },
    "neorg": {
      "flake": false,
      "locked": {
        "lastModified": 1760743016,
        "narHash": "sha256-8OWc0Dv4AAn6rv1YqgJfNHseu9nn/8xk9eDhkmAwvMs=",
        "owner": "nvim-neorg",
        "repo": "neorg",
        "rev": "1dd99edd73c48196f7fa9ec763089fb774cf5499",
        "type": "github"
      },
      "original": {
        "owner": "nvim-neorg",
        "repo": "neorg",
        "type": "github"
      }
    },
    "neorg-interim-ls": {
      "flake": false,
      "locked": {
        "lastModified": 1760664995,
        "narHash": "sha256-EdKEaxdme4tODtoJv8Yw/x3YtQoDLK0pmTT7xgE1LYQ=",
        "owner": "benlubas",
        "repo": "neorg-interim-ls",
        "rev": "e2f86982ba5857ed5581ff5814edd57b5c2c67e0",
        "type": "github"
      },
      "original": {
        "owner": "benlubas",
        "repo": "neorg-interim-ls",
        "type": "github"
      }
    },
    "neorg-overlay": {
      "inputs": {
        "flake-utils": "flake-utils",
        "neorg": "neorg",
        "neorg-telescope": "neorg-telescope",
        "nixpkgs": [
          "nxvm",
          "nixpkgs"
        ],
        "norg": "norg",
        "norg-meta": "norg-meta"
      },
      "locked": {
        "lastModified": 1761395576,
        "narHash": "sha256-oWIYmcvzqgBfZgv0uc+cn2zeRb9dvGLjPAuQP+JofA4=",
        "owner": "nvim-neorg",
        "repo": "nixpkgs-neorg-overlay",
        "rev": "69a00578ddd099481bdc4866daf0cbdbc711ed5e",
        "type": "github"
      },
      "original": {
        "owner": "nvim-neorg",
        "repo": "nixpkgs-neorg-overlay",
        "type": "github"
      }
    },
    "neorg-telescope": {
      "flake": false,
      "locked": {
        "lastModified": 1744866747,
        "narHash": "sha256-tvbskEQ3+uOUlGKdqAFMlbF5Vw0A08XTwuWEs2aP64o=",
        "owner": "nvim-neorg",
        "repo": "neorg-telescope",
        "rev": "7fb6ca6a632c3c095601d379a664c0c1f802dc6c",
        "type": "github"
      },
      "original": {
        "owner": "nvim-neorg",
        "repo": "neorg-telescope",
        "type": "github"
      }
    },
    "neovim-nightly-overlay": {
      "inputs": {
        "flake-compat": "flake-compat_3",
        "flake-parts": [
          "nxvm",
          "flake-parts"
        ],
        "git-hooks": "git-hooks",
        "hercules-ci-effects": "hercules-ci-effects",
        "neovim-src": "neovim-src",
        "nixpkgs": [
          "nxvm",
          "nixpkgs"
        ],
        "treefmt-nix": "treefmt-nix"
      },
      "locked": {
        "lastModified": 1761350724,
        "narHash": "sha256-ogJgZWLclKE10H7xw+jBjmnhg8U/2OpJZTaIulMr7Rw=",
        "owner": "nix-community",
        "repo": "neovim-nightly-overlay",
        "rev": "cd02956a1f6376f524a10b94893bc9408b476322",
        "type": "github"
      },
      "original": {
        "owner": "nix-community",
        "repo": "neovim-nightly-overlay",
        "type": "github"
      }
    },
    "neovim-src": {
      "flake": false,
      "locked": {
        "lastModified": 1761346084,
        "narHash": "sha256-bhbEqOGNBD52bb5ZUXyd/Ua67hCpzgidOjkWOwJO1iw=",
        "owner": "neovim",
        "repo": "neovim",
        "rev": "520568f40f22d77e623ddda77cf751031774384b",
        "type": "github"
      },
      "original": {
        "owner": "neovim",
        "repo": "neovim",
        "type": "github"
      }
    },
    "nix-darwin": {
      "inputs": {
        "nixpkgs": [
          "nixpkgs"
        ]
      },
      "locked": {
        "lastModified": 1761339987,
        "narHash": "sha256-IUaawVwItZKi64IA6kF6wQCLCzpXbk2R46dHn8sHkig=",
        "owner": "LnL7",
        "repo": "nix-darwin",
        "rev": "7cd9aac79ee2924a85c211d21fafd394b06a38de",
        "type": "github"
      },
      "original": {
        "owner": "LnL7",
        "repo": "nix-darwin",
        "type": "github"
      }
    },
    "nixpkgs": {
      "locked": {
        "lastModified": 1754028485,
        "narHash": "sha256-IiiXB3BDTi6UqzAZcf2S797hWEPCRZOwyNThJIYhUfk=",
        "owner": "NixOS",
        "repo": "nixpkgs",
        "rev": "59e69648d345d6e8fef86158c555730fa12af9de",
        "type": "github"
      },
      "original": {
        "owner": "NixOS",
        "ref": "nixos-25.05",
        "repo": "nixpkgs",
        "type": "github"
      }
    },
    "nixpkgs-lib": {
      "locked": {
        "lastModified": 1743296961,
        "narHash": "sha256-b1EdN3cULCqtorQ4QeWgLMrd5ZGOjLSLemfa00heasc=",
        "owner": "nix-community",
        "repo": "nixpkgs.lib",
        "rev": "e4822aea2a6d1cdd36653c134cacfd64c97ff4fa",
        "type": "github"
      },
      "original": {
        "owner": "nix-community",
        "repo": "nixpkgs.lib",
        "type": "github"
      }
    },
    "nixpkgs-lib_2": {
      "locked": {
        "lastModified": 1754788789,
        "narHash": "sha256-x2rJ+Ovzq0sCMpgfgGaaqgBSwY+LST+WbZ6TytnT9Rk=",
        "owner": "nix-community",
        "repo": "nixpkgs.lib",
        "rev": "a73b9c743612e4244d865a2fdee11865283c04e6",
        "type": "github"
      },
      "original": {
        "owner": "nix-community",
        "repo": "nixpkgs.lib",
        "type": "github"
      }
    },
    "nixpkgs_2": {
      "locked": {
        "lastModified": 1744463964,
        "narHash": "sha256-LWqduOgLHCFxiTNYi3Uj5Lgz0SR+Xhw3kr/3Xd0GPTM=",
        "owner": "NixOS",
        "repo": "nixpkgs",
        "rev": "2631b0b7abcea6e640ce31cd78ea58910d31e650",
        "type": "github"
      },
      "original": {
        "owner": "NixOS",
        "ref": "nixos-unstable",
        "repo": "nixpkgs",
        "type": "github"
      }
    },
    "nixpkgs_3": {
      "locked": {
        "lastModified": 1753934836,
        "narHash": "sha256-G06FmIBj0I5bMW1Q8hAEIl5N7IHMK7+Ta4KA+BmneDA=",
        "owner": "NixOS",
        "repo": "nixpkgs",
        "rev": "8679b16e11becd487b45d568358ddf9d5640d860",
        "type": "github"
      },
      "original": {
        "id": "nixpkgs",
        "ref": "nixpkgs-unstable",
        "type": "indirect"
      }
    },
    "nixpkgs_4": {
      "locked": {
        "lastModified": 1761594641,
        "narHash": "sha256-sImk6SJQASDLQo8l+0zWWaBgg7TueLS6lTvdH5pBZpo=",
        "owner": "nixos",
        "repo": "nixpkgs",
        "rev": "1666250dbe4141e4ca8aaf89b40a3a51c2e36144",
        "type": "github"
      },
      "original": {
        "owner": "nixos",
        "ref": "nixpkgs-unstable",
        "repo": "nixpkgs",
        "type": "github"
      }
    },
    "nixpkgs_5": {
      "locked": {
        "lastModified": 1761373498,
        "narHash": "sha256-Q/uhWNvd7V7k1H1ZPMy/vkx3F8C13ZcdrKjO7Jv7v0c=",
        "owner": "nixos",
        "repo": "nixpkgs",
        "rev": "6a08e6bb4e46ff7fcbb53d409b253f6bad8a28ce",
        "type": "github"
      },
      "original": {
        "owner": "nixos",
        "ref": "nixos-unstable",
        "repo": "nixpkgs",
        "type": "github"
      }
    },
    "nixpkgs_6": {
      "locked": {
        "lastModified": 1644486793,
        "narHash": "sha256-EeijR4guVHgVv+JpOX3cQO+1XdrkJfGmiJ9XVsVU530=",
        "owner": "NixOS",
        "repo": "nixpkgs",
        "rev": "1882c6b7368fd284ad01b0a5b5601ef136321292",
        "type": "github"
      },
      "original": {
        "owner": "NixOS",
        "ref": "nixpkgs-unstable",
        "repo": "nixpkgs",
        "type": "github"
      }
    },
    "nixpkgs_7": {
      "locked": {
        "lastModified": 1644486793,
        "narHash": "sha256-EeijR4guVHgVv+JpOX3cQO+1XdrkJfGmiJ9XVsVU530=",
        "owner": "NixOS",
        "repo": "nixpkgs",
        "rev": "1882c6b7368fd284ad01b0a5b5601ef136321292",
        "type": "github"
      },
      "original": {
        "owner": "NixOS",
        "ref": "nixpkgs-unstable",
        "repo": "nixpkgs",
        "type": "github"
      }
    },
    "nixpkgs_8": {
      "locked": {
        "lastModified": 1638239011,
        "narHash": "sha256-AjhmbT4UBlJWqxY0ea8a6GU2C2HdKUREkG43oRr3TZg=",
        "owner": "NixOS",
        "repo": "nixpkgs",
        "rev": "a7ecde854aee5c4c7cd6177f54a99d2c1ff28a31",
        "type": "github"
      },
      "original": {
        "owner": "NixOS",
        "ref": "21.11",
        "repo": "nixpkgs",
        "type": "github"
      }
    },
    "nixvim": {
      "inputs": {
        "flake-parts": [
          "nxvm",
          "flake-parts"
        ],
        "nixpkgs": [
          "nxvm",
          "nixpkgs"
        ],
        "nuschtosSearch": "nuschtosSearch",
        "systems": "systems_6"
      },
      "locked": {
        "lastModified": 1761433380,
        "narHash": "sha256-fuaDQWenfWv2HmlDUPTbfjaKSSBpwvjiQqoE0XN8tWA=",
        "owner": "nix-community",
        "repo": "nixvim",
        "rev": "24d2ac2373598c032f37d70c46803feefd169084",
        "type": "github"
      },
      "original": {
        "owner": "nix-community",
        "repo": "nixvim",
        "type": "github"
      }
    },
    "norg": {
      "inputs": {
        "flake-compat": "flake-compat",
        "flake-utils": "flake-utils_2",
        "nixpkgs": "nixpkgs_6"
      },
      "locked": {
        "lastModified": 1672582520,
        "narHash": "sha256-kv3UiJUqMSF1qd3r4OCWomVTHTYjwX/EBRWm8mOSdwg=",
        "owner": "nvim-neorg",
        "repo": "tree-sitter-norg",
        "rev": "d7a466e182a532065a559dbfc7a847271d5e9c29",
        "type": "github"
      },
      "original": {
        "owner": "nvim-neorg",
        "ref": "dev",
        "repo": "tree-sitter-norg",
        "type": "github"
      }
    },
    "norg-meta": {
      "inputs": {
        "flake-compat": "flake-compat_2",
        "flake-utils": "flake-utils_3",
        "nixpkgs": "nixpkgs_7"
      },
      "locked": {
        "lastModified": 1713028366,
        "narHash": "sha256-8qSdwHlfnjFuQF4zNdLtU2/tzDRhDZbo9K54Xxgn5+8=",
        "owner": "nvim-neorg",
        "repo": "tree-sitter-norg-meta",
        "rev": "6f0510cc516a3af3396a682fbd6655486c2c9d2d",
        "type": "github"
      },
      "original": {
        "owner": "nvim-neorg",
        "repo": "tree-sitter-norg-meta",
        "type": "github"
      }
    },
    "nur": {
      "inputs": {
        "flake-parts": "flake-parts_4",
        "nixpkgs": "nixpkgs_5"
      },
      "locked": {
        "lastModified": 1761662848,
        "narHash": "sha256-+adi6cdJKMDrqseFdE0RdioUklPNeMpv8+pWBGfd/FM=",
        "owner": "nix-community",
        "repo": "nur",
        "rev": "bd5d493941dde7fce1b3fb44f8883e2d91ad66b5",
        "type": "github"
      },
      "original": {
        "owner": "nix-community",
        "repo": "nur",
        "type": "github"
      }
    },
    "nuschtosSearch": {
      "inputs": {
        "flake-utils": "flake-utils_4",
        "ixx": "ixx",
        "nixpkgs": [
          "nxvm",
          "nixvim",
          "nixpkgs"
        ]
      },
      "locked": {
        "lastModified": 1760652422,
        "narHash": "sha256-C88Pgz38QIl9JxQceexqL2G7sw9vodHWx1Uaq+NRJrw=",
        "owner": "NuschtOS",
        "repo": "search",
        "rev": "3ebeebe8b6a49dfb11f771f761e0310f7c48d726",
        "type": "github"
      },
      "original": {
        "owner": "NuschtOS",
        "repo": "search",
        "type": "github"
      }
    },
    "nxvm": {
      "inputs": {
        "btw": "btw",
        "claudecode": "claudecode",
        "flake-parts": "flake-parts_5",
        "gitlinker": "gitlinker",
        "neo-tree": "neo-tree",
        "neorg-interim-ls": "neorg-interim-ls",
        "neorg-overlay": "neorg-overlay",
        "neovim-nightly-overlay": "neovim-nightly-overlay",
        "nixpkgs": [
          "nixpkgs"
        ],
        "nixvim": "nixvim",
        "pre-commit-hooks": "pre-commit-hooks",
        "precognition": "precognition",
        "tree-sitter-tera": "tree-sitter-tera"
      },
      "locked": {
        "lastModified": 1761672081,
        "narHash": "sha256-n0jI6lMTikAcBznid6gQ5uSn1XTnzAJkvXqtTlTVyyg=",
        "owner": "rucas",
        "repo": "nxvm",
        "rev": "3e096ea63328f37d86be197808af967daa042355",
        "type": "github"
      },
      "original": {
        "owner": "rucas",
        "repo": "nxvm",
        "type": "github"
      }
    },
    "pre-commit-hooks": {
      "inputs": {
        "flake-compat": "flake-compat_5",
        "gitignore": "gitignore_2",
        "nixpkgs": [
          "nxvm",
          "nixpkgs"
        ]
      },
      "locked": {
        "lastModified": 1760663237,
        "narHash": "sha256-BflA6U4AM1bzuRMR8QqzPXqh8sWVCNDzOdsxXEguJIc=",
        "owner": "cachix",
        "repo": "pre-commit-hooks.nix",
        "rev": "ca5b894d3e3e151ffc1db040b6ce4dcc75d31c37",
        "type": "github"
      },
      "original": {
        "owner": "cachix",
        "repo": "pre-commit-hooks.nix",
        "type": "github"
      }
    },
    "precognition": {
      "flake": false,
      "locked": {
        "lastModified": 1755154429,
        "narHash": "sha256-0xoWOLY6wFR31nAzOLtMdgdzbNDsGDDOiBQ0vGX5niw=",
        "owner": "tris203",
        "repo": "precognition.nvim",
        "rev": "2aae2687207029b3611a0e19a289f9e1c7efbe16",
        "type": "github"
      },
      "original": {
        "owner": "tris203",
        "repo": "precognition.nvim",
        "type": "github"
      }
    },
    "root": {
      "inputs": {
        "agenix": "agenix",
        "alacritty-theme": "alacritty-theme",
        "betterfox-nix": "betterfox-nix",
        "english-words": "english-words",
        "fast-syntax-highlighting": "fast-syntax-highlighting",
        "firefox-addons": "firefox-addons",
        "flake-parts": "flake-parts_3",
        "git-alias": "git-alias",
        "golink": "golink",
        "home-manager": "home-manager_2",
        "kube-aliases": "kube-aliases",
        "mcp-servers-nix": "mcp-servers-nix",
        "nix-darwin": "nix-darwin",
        "nixpkgs": "nixpkgs_4",
        "nur": "nur",
        "nxvm": "nxvm",
        "spacebar": "spacebar",
        "tmux-1password": "tmux-1password",
        "tmux-pomodoro-plus": "tmux-pomodoro-plus"
      }
    },
    "spacebar": {
      "inputs": {
        "flake-utils": "flake-utils_5",
        "nixpkgs": "nixpkgs_8"
      },
      "locked": {
        "lastModified": 1652089322,
        "narHash": "sha256-9RBiWNP9iL41nV/EUNuTehOsBL5pZA6pZfqkyEf1yrg=",
        "owner": "cmacrae",
        "repo": "spacebar",
        "rev": "8431008fcf97ba57228a21d212bfd1738db6e7c9",
        "type": "github"
      },
      "original": {
        "owner": "cmacrae",
        "repo": "spacebar",
        "type": "github"
      }
    },
    "systems": {
      "locked": {
        "lastModified": 1681028828,
        "narHash": "sha256-Vy1rq5AaRuLzOxct8nz4T6wlgyUR7zLU309k9mBC768=",
        "owner": "nix-systems",
        "repo": "default",
        "rev": "da67096a3b9bf56a91d16901293e51ba5b49a27e",
        "type": "github"
      },
      "original": {
        "owner": "nix-systems",
        "repo": "default",
        "type": "github"
      }
    },
    "systems_2": {
      "locked": {
        "lastModified": 1681028828,
        "narHash": "sha256-Vy1rq5AaRuLzOxct8nz4T6wlgyUR7zLU309k9mBC768=",
        "owner": "nix-systems",
        "repo": "default",
        "rev": "da67096a3b9bf56a91d16901293e51ba5b49a27e",
        "type": "github"
      },
      "original": {
        "owner": "nix-systems",
        "repo": "default",
        "type": "github"
      }
    },
    "systems_3": {
      "locked": {
        "lastModified": 1681028828,
        "narHash": "sha256-Vy1rq5AaRuLzOxct8nz4T6wlgyUR7zLU309k9mBC768=",
        "owner": "nix-systems",
        "repo": "default",
        "rev": "da67096a3b9bf56a91d16901293e51ba5b49a27e",
        "type": "github"
      },
      "original": {
        "owner": "nix-systems",
        "repo": "default",
        "type": "github"
      }
    },
    "systems_4": {
      "locked": {
        "lastModified": 1681028828,
        "narHash": "sha256-Vy1rq5AaRuLzOxct8nz4T6wlgyUR7zLU309k9mBC768=",
        "owner": "nix-systems",
        "repo": "default",
        "rev": "da67096a3b9bf56a91d16901293e51ba5b49a27e",
        "type": "github"
      },
      "original": {
        "owner": "nix-systems",
        "repo": "default",
        "type": "github"
      }
    },
    "systems_5": {
      "locked": {
        "lastModified": 1681028828,
        "narHash": "sha256-Vy1rq5AaRuLzOxct8nz4T6wlgyUR7zLU309k9mBC768=",
        "owner": "nix-systems",
        "repo": "default",
        "rev": "da67096a3b9bf56a91d16901293e51ba5b49a27e",
        "type": "github"
      },
      "original": {
        "owner": "nix-systems",
        "repo": "default",
        "type": "github"
      }
    },
    "systems_6": {
      "locked": {
        "lastModified": 1681028828,
        "narHash": "sha256-Vy1rq5AaRuLzOxct8nz4T6wlgyUR7zLU309k9mBC768=",
        "owner": "nix-systems",
        "repo": "default",
        "rev": "da67096a3b9bf56a91d16901293e51ba5b49a27e",
        "type": "github"
      },
      "original": {
        "owner": "nix-systems",
        "repo": "default",
        "type": "github"
      }
    },
    "tmux-1password": {
      "flake": false,
      "locked": {
        "lastModified": 1748003284,
        "narHash": "sha256-0ezD7TSNCFL+spPhbTHlITeyNOw/lyzZD6cdiT5NU/0=",
        "owner": "yardnsm",
        "repo": "tmux-1password",
        "rev": "fee36493fe352e34f46f2e293a218a6667607b00",
        "type": "github"
      },
      "original": {
        "owner": "yardnsm",
        "repo": "tmux-1password",
        "type": "github"
      }
    },
    "tmux-pomodoro-plus": {
      "flake": false,
      "locked": {
        "lastModified": 1741792717,
        "narHash": "sha256-pWnfq2yAy9PkXatxto9eRPczoyrNEpA6l9683Q0gWQA=",
        "owner": "olimorris",
        "repo": "tmux-pomodoro-plus",
        "rev": "f1b76b760157f4521d5c05ec64ac70ecd34cfb46",
        "type": "github"
      },
      "original": {
        "owner": "olimorris",
        "repo": "tmux-pomodoro-plus",
        "type": "github"
      }
    },
    "tree-sitter-tera": {
      "flake": false,
      "locked": {
        "lastModified": 1753183909,
        "narHash": "sha256-3ZUark8lSH8mJwuLcvJPiQnE7+rlXstKkTPjvHzsE38=",
        "owner": "uncenter",
        "repo": "tree-sitter-tera",
        "rev": "692937d52c8dfd91ce0dde722b9b4febbc9bc712",
        "type": "github"
      },
      "original": {
        "owner": "uncenter",
        "repo": "tree-sitter-tera",
        "type": "github"
      }
    },
    "treefmt-nix": {
      "inputs": {
        "nixpkgs": [
          "nxvm",
          "neovim-nightly-overlay",
          "nixpkgs"
        ]
      },
      "locked": {
        "lastModified": 1761311587,
        "narHash": "sha256-Msq86cR5SjozQGCnC6H8C+0cD4rnx91BPltZ9KK613Y=",
        "owner": "numtide",
        "repo": "treefmt-nix",
        "rev": "2eddae033e4e74bf581c2d1dfa101f9033dbd2dc",
        "type": "github"
      },
      "original": {
        "owner": "numtide",
        "repo": "treefmt-nix",
        "type": "github"
      }
    }
  },
  "root": "root",
  "version": 7
}
