{
  "nodes": {
    "SchemaStore-nvim": {
      "flake": false,
      "locked": {
        "lastModified": 1713463242,
        "narHash": "sha256-FGKDsiDw3VBUNj38JqwkMxI7JxZY0bikS+oMZTGOuVU=",
        "owner": "b0o",
        "repo": "SchemaStore.nvim",
        "rev": "f7cae6f1b38cb296f48ce1a9c5ed1a419d912a42",
        "type": "github"
      },
      "original": {
        "owner": "b0o",
        "repo": "SchemaStore.nvim",
        "type": "github"
      }
    },
    "agenix": {
      "inputs": {
        "darwin": "darwin",
        "home-manager": "home-manager",
        "nixpkgs": "nixpkgs",
        "systems": "systems"
      },
      "locked": {
        "lastModified": 1712079060,
        "narHash": "sha256-/JdiT9t+zzjChc5qQiF+jhrVhRt8figYH29rZO7pFe4=",
        "owner": "ryantm",
        "repo": "agenix",
        "rev": "1381a759b205dff7a6818733118d02253340fd5e",
        "type": "github"
      },
      "original": {
        "owner": "ryantm",
        "repo": "agenix",
        "type": "github"
      }
    },
    "alacritty-theme": {
      "inputs": {
        "alacritty-theme": "alacritty-theme_2",
        "flake-parts": "flake-parts",
        "nixpkgs": "nixpkgs_2"
      },
      "locked": {
        "lastModified": 1712820896,
        "narHash": "sha256-VvLszTvu2+uSmJt+o2/prtK65c2hlAC+GT3I6O6hb6g=",
        "owner": "alexghr",
        "repo": "alacritty-theme.nix",
        "rev": "5de5ab6c13f6fd3dd2ad755f7bdd36fd0db0a8a6",
        "type": "github"
      },
      "original": {
        "owner": "alexghr",
        "repo": "alacritty-theme.nix",
        "type": "github"
      }
    },
    "alacritty-theme_2": {
      "flake": false,
      "locked": {
        "lastModified": 1712460846,
        "narHash": "sha256-/IU0BGRvgq9mpt07sktFm0aLF/lAh/swjEWXpIC+95w=",
        "owner": "alacritty",
        "repo": "alacritty-theme",
        "rev": "5f906a45b810458cbd387d648f50d4ef051f7d29",
        "type": "github"
      },
      "original": {
        "owner": "alacritty",
        "repo": "alacritty-theme",
        "type": "github"
      }
    },
    "auto-save-nvim": {
      "flake": false,
      "locked": {
        "lastModified": 1660016250,
        "narHash": "sha256-LSYHLbe6rNtsdNSqWKB0WPVZ2EOIShHX2OVAeFLpCgg=",
        "owner": "Pocco81",
        "repo": "auto-save.nvim",
        "rev": "9aceacfd184c34a2d878492a67bbd6b909b9480c",
        "type": "github"
      },
      "original": {
        "owner": "Pocco81",
        "ref": "dev",
        "repo": "auto-save.nvim",
        "type": "github"
      }
    },
    "auto-session": {
      "flake": false,
      "locked": {
        "lastModified": 1713075135,
        "narHash": "sha256-wu/utBYr4o4BenybAumDxBTERBkRkcR1QzlfmnVbOTQ=",
        "owner": "rmagatti",
        "repo": "auto-session",
        "rev": "9e0a169b6fce8791278abbd110717b921afe634d",
        "type": "github"
      },
      "original": {
        "owner": "rmagatti",
        "repo": "auto-session",
        "type": "github"
      }
    },
    "better-escape-nvim": {
      "flake": false,
      "locked": {
        "lastModified": 1705833663,
        "narHash": "sha256-opfJDPC7wcctBwRDZTI9VNJf5AKvus0myZeXDo3KWZM=",
        "owner": "max397574",
        "repo": "better-escape.nvim",
        "rev": "7e86edafb8c7e73699e0320f225464a298b96d12",
        "type": "github"
      },
      "original": {
        "owner": "max397574",
        "repo": "better-escape.nvim",
        "type": "github"
      }
    },
    "cmp-buffer": {
      "flake": false,
      "locked": {
        "lastModified": 1660101488,
        "narHash": "sha256-dG4U7MtnXThoa/PD+qFtCt76MQ14V1wX8GMYcvxEnbM=",
        "owner": "hrsh7th",
        "repo": "cmp-buffer",
        "rev": "3022dbc9166796b644a841a02de8dd1cc1d311fa",
        "type": "github"
      },
      "original": {
        "owner": "hrsh7th",
        "repo": "cmp-buffer",
        "type": "github"
      }
    },
    "cmp-cmdline": {
      "flake": false,
      "locked": {
        "lastModified": 1711081050,
        "narHash": "sha256-iBmXp+gUSMbgfkv7c7RDQAwPq02e07wEnBETP0dWBOo=",
        "owner": "hrsh7th",
        "repo": "cmp-cmdline",
        "rev": "d250c63aa13ead745e3a40f61fdd3470efde3923",
        "type": "github"
      },
      "original": {
        "owner": "hrsh7th",
        "repo": "cmp-cmdline",
        "type": "github"
      }
    },
    "cmp-nvim-lsp": {
      "flake": false,
      "locked": {
        "lastModified": 1702205473,
        "narHash": "sha256-/0sh9vJBD9pUuD7q3tNSQ1YLvxFMNykdg5eG+LjZAA8=",
        "owner": "hrsh7th",
        "repo": "cmp-nvim-lsp",
        "rev": "5af77f54de1b16c34b23cba810150689a3a90312",
        "type": "github"
      },
      "original": {
        "owner": "hrsh7th",
        "repo": "cmp-nvim-lsp",
        "type": "github"
      }
    },
    "cmp-path": {
      "flake": false,
      "locked": {
        "lastModified": 1664784283,
        "narHash": "sha256-thppiiV3wjIaZnAXmsh7j3DUc6ceSCvGzviwFUnoPaI=",
        "owner": "hrsh7th",
        "repo": "cmp-path",
        "rev": "91ff86cd9c29299a64f968ebb45846c485725f23",
        "type": "github"
      },
      "original": {
        "owner": "hrsh7th",
        "repo": "cmp-path",
        "type": "github"
      }
    },
    "conform-nvim": {
      "flake": false,
      "locked": {
        "lastModified": 1713362690,
        "narHash": "sha256-PsKq/dpFmk9aDLmjezO2TIhzI1gd96nRCXbrWmjbdgI=",
        "owner": "stevearc",
        "repo": "conform.nvim",
        "rev": "a6965ac128eba75537ec2bc5ddd5d5e357062bdc",
        "type": "github"
      },
      "original": {
        "owner": "stevearc",
        "repo": "conform.nvim",
        "type": "github"
      }
    },
    "darwin": {
      "inputs": {
        "nixpkgs": [
          "agenix",
          "nixpkgs"
        ]
      },
      "locked": {
        "lastModified": 1700795494,
        "narHash": "sha256-gzGLZSiOhf155FW7262kdHo2YDeugp3VuIFb4/GGng0=",
        "owner": "lnl7",
        "repo": "nix-darwin",
        "rev": "4b9b83d5a92e8c1fbfd8eb27eda375908c11ec4d",
        "type": "github"
      },
      "original": {
        "owner": "lnl7",
        "ref": "master",
        "repo": "nix-darwin",
        "type": "github"
      }
    },
    "fast-syntax-highlighting": {
      "flake": false,
      "locked": {
        "lastModified": 1688591419,
        "narHash": "sha256-RVX9ZSzjBW3LpFs2W86lKI6vtcvDWP6EPxzeTcRZua4=",
        "owner": "zdharma-continuum",
        "repo": "fast-syntax-highlighting",
        "rev": "cf318e06a9b7c9f2219d78f41b46fa6e06011fd9",
        "type": "github"
      },
      "original": {
        "owner": "zdharma-continuum",
        "repo": "fast-syntax-highlighting",
        "type": "github"
      }
    },
    "fidget-nvim": {
      "flake": false,
      "locked": {
        "lastModified": 1712242924,
        "narHash": "sha256-fZhK5opGXRRryhNpdaEPLpBq4tTibZREelXmasMLHzw=",
        "owner": "j-hui",
        "repo": "fidget.nvim",
        "rev": "1ba38e4cbb24683973e00c2e36f53ae64da38ef5",
        "type": "github"
      },
      "original": {
        "owner": "j-hui",
        "repo": "fidget.nvim",
        "type": "github"
      }
    },
    "flake-compat": {
      "flake": false,
      "locked": {
        "lastModified": 1641205782,
        "narHash": "sha256-4jY7RCWUoZ9cKD8co0/4tFARpWB+57+r1bLLvXNJliY=",
        "owner": "edolstra",
        "repo": "flake-compat",
        "rev": "b7547d3eed6f32d06102ead8991ec52ab0a4f1a7",
        "type": "github"
      },
      "original": {
        "owner": "edolstra",
        "repo": "flake-compat",
        "type": "github"
      }
    },
    "flake-compat_2": {
      "flake": false,
      "locked": {
        "lastModified": 1641205782,
        "narHash": "sha256-4jY7RCWUoZ9cKD8co0/4tFARpWB+57+r1bLLvXNJliY=",
        "owner": "edolstra",
        "repo": "flake-compat",
        "rev": "b7547d3eed6f32d06102ead8991ec52ab0a4f1a7",
        "type": "github"
      },
      "original": {
        "owner": "edolstra",
        "repo": "flake-compat",
        "type": "github"
      }
    },
    "flake-compat_3": {
      "flake": false,
      "locked": {
        "lastModified": 1696426674,
        "narHash": "sha256-kvjfFW7WAETZlt09AgDn1MrtKzP7t90Vf7vypd3OL1U=",
        "owner": "edolstra",
        "repo": "flake-compat",
        "rev": "0f9255e01c2351cc7d116c072cb317785dd33b33",
        "type": "github"
      },
      "original": {
        "owner": "edolstra",
        "repo": "flake-compat",
        "type": "github"
      }
    },
    "flake-parts": {
      "inputs": {
        "nixpkgs-lib": "nixpkgs-lib"
      },
      "locked": {
        "lastModified": 1683560683,
        "narHash": "sha256-XAygPMN5Xnk/W2c1aW0jyEa6lfMDZWlQgiNtmHXytPc=",
        "owner": "hercules-ci",
        "repo": "flake-parts",
        "rev": "006c75898cf814ef9497252b022e91c946ba8e17",
        "type": "github"
      },
      "original": {
        "owner": "hercules-ci",
        "repo": "flake-parts",
        "type": "github"
      }
    },
    "flake-parts_2": {
      "inputs": {
        "nixpkgs-lib": [
          "neovim-nightly",
          "nixpkgs"
        ]
      },
      "locked": {
        "lastModified": 1712014858,
        "narHash": "sha256-sB4SWl2lX95bExY2gMFG5HIzvva5AVMJd4Igm+GpZNw=",
        "owner": "hercules-ci",
        "repo": "flake-parts",
        "rev": "9126214d0a59633752a136528f5f3b9aa8565b7d",
        "type": "github"
      },
      "original": {
        "owner": "hercules-ci",
        "repo": "flake-parts",
        "type": "github"
      }
    },
    "flake-parts_3": {
      "inputs": {
        "nixpkgs-lib": [
          "neovim-nightly",
          "hercules-ci-effects",
          "nixpkgs"
        ]
      },
      "locked": {
        "lastModified": 1709336216,
        "narHash": "sha256-Dt/wOWeW6Sqm11Yh+2+t0dfEWxoMxGBvv3JpIocFl9E=",
        "owner": "hercules-ci",
        "repo": "flake-parts",
        "rev": "f7b3c975cf067e56e7cda6cb098ebe3fb4d74ca2",
        "type": "github"
      },
      "original": {
        "id": "flake-parts",
        "type": "indirect"
      }
    },
    "flake-utils": {
      "inputs": {
        "systems": "systems_2"
      },
      "locked": {
        "lastModified": 1709126324,
        "narHash": "sha256-q6EQdSeUZOG26WelxqkmR7kArjgWCdw5sfJVHPH/7j8=",
        "owner": "numtide",
        "repo": "flake-utils",
        "rev": "d465f4819400de7c8d874d50b982301f28a84605",
        "type": "github"
      },
      "original": {
        "owner": "numtide",
        "repo": "flake-utils",
        "type": "github"
      }
    },
    "flake-utils_2": {
      "inputs": {
        "systems": "systems_3"
      },
      "locked": {
        "lastModified": 1710146030,
        "narHash": "sha256-SZ5L6eA7HJ/nmkzGG7/ISclqe6oZdOZTNoesiInkXPQ=",
        "owner": "numtide",
        "repo": "flake-utils",
        "rev": "b1d9ab70662946ef0850d488da1c9019f3a9752a",
        "type": "github"
      },
      "original": {
        "owner": "numtide",
        "repo": "flake-utils",
        "type": "github"
      }
    },
    "flake-utils_3": {
      "locked": {
        "lastModified": 1644229661,
        "narHash": "sha256-1YdnJAsNy69bpcjuoKdOYQX0YxZBiCYZo4Twxerqv7k=",
        "owner": "numtide",
        "repo": "flake-utils",
        "rev": "3cecb5b042f7f209c56ffd8371b2711a290ec797",
        "type": "github"
      },
      "original": {
        "owner": "numtide",
        "repo": "flake-utils",
        "type": "github"
      }
    },
    "flake-utils_4": {
      "locked": {
        "lastModified": 1644229661,
        "narHash": "sha256-1YdnJAsNy69bpcjuoKdOYQX0YxZBiCYZo4Twxerqv7k=",
        "owner": "numtide",
        "repo": "flake-utils",
        "rev": "3cecb5b042f7f209c56ffd8371b2711a290ec797",
        "type": "github"
      },
      "original": {
        "owner": "numtide",
        "repo": "flake-utils",
        "type": "github"
      }
    },
    "flake-utils_5": {
      "inputs": {
        "systems": "systems_4"
      },
      "locked": {
        "lastModified": 1710146030,
        "narHash": "sha256-SZ5L6eA7HJ/nmkzGG7/ISclqe6oZdOZTNoesiInkXPQ=",
        "owner": "numtide",
        "repo": "flake-utils",
        "rev": "b1d9ab70662946ef0850d488da1c9019f3a9752a",
        "type": "github"
      },
      "original": {
        "owner": "numtide",
        "repo": "flake-utils",
        "type": "github"
      }
    },
    "flake-utils_6": {
      "locked": {
        "lastModified": 1644229661,
        "narHash": "sha256-1YdnJAsNy69bpcjuoKdOYQX0YxZBiCYZo4Twxerqv7k=",
        "owner": "numtide",
        "repo": "flake-utils",
        "rev": "3cecb5b042f7f209c56ffd8371b2711a290ec797",
        "type": "github"
      },
      "original": {
        "owner": "numtide",
        "repo": "flake-utils",
        "type": "github"
      }
    },
    "flake-utils_7": {
      "inputs": {
        "systems": "systems_5"
      },
      "locked": {
        "lastModified": 1694529238,
        "narHash": "sha256-zsNZZGTGnMOf9YpHKJqMSsa0dXbfmxeoJ7xHlrt+xmY=",
        "owner": "numtide",
        "repo": "flake-utils",
        "rev": "ff7b65b44d01cf9ba6a71320833626af21126384",
        "type": "github"
      },
      "original": {
        "owner": "numtide",
        "repo": "flake-utils",
        "type": "github"
      }
    },
    "flatten-nvim": {
      "flake": false,
      "locked": {
        "lastModified": 1712127235,
        "narHash": "sha256-masWK4DYr5mnKczN14XOQoC23GpVF8mALs9wbQyfUzE=",
        "owner": "willothy",
        "repo": "flatten.nvim",
        "rev": "e420e531d2ab24aebcf7b3c9fca28e6c5c34964d",
        "type": "github"
      },
      "original": {
        "owner": "willothy",
        "repo": "flatten.nvim",
        "type": "github"
      }
    },
    "gitsigns-nvim": {
      "flake": false,
      "locked": {
        "lastModified": 1713620636,
        "narHash": "sha256-UK3DyvrQ0kLm9wrMQ6tLDoDunoThbY/Yfjn+eCZpuMw=",
        "owner": "lewis6991",
        "repo": "gitsigns.nvim",
        "rev": "035da036e68e509ed158414416c827d022d914bd",
        "type": "github"
      },
      "original": {
        "owner": "lewis6991",
        "repo": "gitsigns.nvim",
        "type": "github"
      }
    },
    "golink": {
      "inputs": {
        "flake-utils": "flake-utils",
        "nixpkgs": "nixpkgs_3"
      },
      "locked": {
        "lastModified": 1712083196,
        "narHash": "sha256-k+9Cj5LHyif4YuH6mpzZfnS5MzF4pdQi55o7FVtZ488=",
        "owner": "tailscale",
        "repo": "golink",
        "rev": "e2c7c78ae167a99e4b175679104cba4483c89e47",
        "type": "github"
      },
      "original": {
        "owner": "tailscale",
        "repo": "golink",
        "type": "github"
      }
    },
    "gruvbox-nvim": {
      "flake": false,
      "locked": {
        "lastModified": 1706538659,
        "narHash": "sha256-jWnrRy/PT7D0UcPGL+XTbKHWvS0ixvbyqPtTzG9HY84=",
        "owner": "ellisonleao",
        "repo": "gruvbox.nvim",
        "rev": "6e4027ae957cddf7b193adfaec4a8f9e03b4555f",
        "type": "github"
      },
      "original": {
        "owner": "ellisonleao",
        "repo": "gruvbox.nvim",
        "type": "github"
      }
    },
    "headlines-nvim": {
      "flake": false,
      "locked": {
        "lastModified": 1709172860,
        "narHash": "sha256-U5WpPI7/p3p/IvB+8xSFnz3IigTCgExFKnLqiyJxB7s=",
        "owner": "lukas-reineke",
        "repo": "headlines.nvim",
        "rev": "618ef1b2502c565c82254ef7d5b04402194d9ce3",
        "type": "github"
      },
      "original": {
        "owner": "lukas-reineke",
        "repo": "headlines.nvim",
        "type": "github"
      }
    },
    "hercules-ci-effects": {
      "inputs": {
        "flake-parts": "flake-parts_3",
        "nixpkgs": [
          "neovim-nightly",
          "nixpkgs"
        ]
      },
      "locked": {
        "lastModified": 1713722610,
        "narHash": "sha256-kcZsbH1PQTG+sS22u/igLq2SaBEHJgmU5hoKzrT2ukI=",
        "owner": "hercules-ci",
        "repo": "hercules-ci-effects",
        "rev": "4615d28841e93f6f549fde9188caf493b3822668",
        "type": "github"
      },
      "original": {
        "owner": "hercules-ci",
        "repo": "hercules-ci-effects",
        "type": "github"
      }
    },
    "home-manager": {
      "inputs": {
        "nixpkgs": [
          "agenix",
          "nixpkgs"
        ]
      },
      "locked": {
        "lastModified": 1703113217,
        "narHash": "sha256-7ulcXOk63TIT2lVDSExj7XzFx09LpdSAPtvgtM7yQPE=",
        "owner": "nix-community",
        "repo": "home-manager",
        "rev": "3bfaacf46133c037bb356193bd2f1765d9dc82c1",
        "type": "github"
      },
      "original": {
        "owner": "nix-community",
        "repo": "home-manager",
        "type": "github"
      }
    },
    "home-manager_2": {
      "inputs": {
        "nixpkgs": [
          "nixpkgs"
        ]
      },
      "locked": {
        "lastModified": 1713818326,
        "narHash": "sha256-aw3xbVPJauLk/bbrlakIYxKpeuMWzA2feGrkIpIuXd8=",
        "owner": "nix-community",
        "repo": "home-manager",
        "rev": "67de98ae6eed5ad6f91b1142356d71a87ba97f21",
        "type": "github"
      },
      "original": {
        "owner": "nix-community",
        "repo": "home-manager",
        "type": "github"
      }
    },
    "indent-blankline-nvim": {
      "flake": false,
      "locked": {
        "lastModified": 1710388427,
        "narHash": "sha256-Xp8ZQBz0in2MX3l0bnLUsSbH0lDPE+QvdmFpBFry5yY=",
        "owner": "lukas-reineke",
        "repo": "indent-blankline.nvim",
        "rev": "3d08501caef2329aba5121b753e903904088f7e6",
        "type": "github"
      },
      "original": {
        "owner": "lukas-reineke",
        "repo": "indent-blankline.nvim",
        "type": "github"
      }
    },
    "lspkind-nvim": {
      "flake": false,
      "locked": {
        "lastModified": 1704982040,
        "narHash": "sha256-/QLdBU/Zwmkw1NGuLBD48tvrmIP9d9WHhgcLEQgRTWo=",
        "owner": "onsails",
        "repo": "lspkind.nvim",
        "rev": "1735dd5a5054c1fb7feaf8e8658dbab925f4f0cf",
        "type": "github"
      },
      "original": {
        "owner": "onsails",
        "repo": "lspkind.nvim",
        "type": "github"
      }
    },
    "luasnip": {
      "flake": false,
      "locked": {
        "lastModified": 1713690842,
        "narHash": "sha256-naZq4gH1ZnmvW1pH5wTZqpVSo5irSHwPsBn4fFaF4sI=",
        "owner": "L3MON4D3",
        "repo": "LuaSnip",
        "rev": "72eea98b1900013e0cb214f29b898c8d91564930",
        "type": "github"
      },
      "original": {
        "owner": "L3MON4D3",
        "repo": "LuaSnip",
        "type": "github"
      }
    },
    "neodev-nvim": {
      "flake": false,
      "locked": {
        "lastModified": 1711715247,
        "narHash": "sha256-mAJOMVN7/xO7ykVNAeTeX+z2A/7yB8zdqlEKHL6Pb74=",
        "owner": "folke",
        "repo": "neodev.nvim",
        "rev": "ce9a2e8eaba5649b553529c5498acb43a6c317cd",
        "type": "github"
      },
      "original": {
        "owner": "folke",
        "repo": "neodev.nvim",
        "type": "github"
      }
    },
    "neogen": {
      "flake": false,
      "locked": {
        "lastModified": 1711178530,
        "narHash": "sha256-So3l1cWh/E/5GRSrUcs0Z8yHxG/9kPWycOWqsmfrsvg=",
        "owner": "danymat",
        "repo": "neogen",
        "rev": "0daffcec249bf42275e322361fe55b89a05ff278",
        "type": "github"
      },
      "original": {
        "owner": "danymat",
        "repo": "neogen",
        "type": "github"
      }
    },
    "neorg": {
      "flake": false,
      "locked": {
        "lastModified": 1713637377,
        "narHash": "sha256-iPjlm7Ceq9sczT/NnxcTY1k1IO1f19dXZcif1r/kA9k=",
        "owner": "nvim-neorg",
        "repo": "neorg",
        "rev": "e03e82bdf6a2c3173f6e417a63087c7255533b81",
        "type": "github"
      },
      "original": {
        "owner": "nvim-neorg",
        "repo": "neorg",
        "type": "github"
      }
    },
    "neorg-overlay": {
      "inputs": {
        "flake-utils": "flake-utils_2",
        "neorg": "neorg",
        "neorg-telescope": "neorg-telescope",
        "nixpkgs": "nixpkgs_4",
        "norg": "norg",
        "norg-meta": "norg-meta"
      },
      "locked": {
        "lastModified": 1713802555,
        "narHash": "sha256-oJtFWH+OH7NkV+PhvxPE92VLHUmzJ10WsnJS0Iblbw0=",
        "owner": "nvim-neorg",
        "repo": "nixpkgs-neorg-overlay",
        "rev": "5fa592a74c909b74298b22b189b280b0ea3ee4c0",
        "type": "github"
      },
      "original": {
        "owner": "nvim-neorg",
        "repo": "nixpkgs-neorg-overlay",
        "type": "github"
      }
    },
    "neorg-telescope": {
      "flake": false,
      "locked": {
        "lastModified": 1713548473,
        "narHash": "sha256-Ytm1Au9ir/31cL36hIlrDFFe1hSSPo9yTVeHysm1WW0=",
        "owner": "nvim-neorg",
        "repo": "neorg-telescope",
        "rev": "92c1c6064429c74505de8e5d84a6dc8488a6f8e3",
        "type": "github"
      },
      "original": {
        "owner": "nvim-neorg",
        "repo": "neorg-telescope",
        "type": "github"
      }
    },
    "neovim-flake": {
      "inputs": {
        "flake-utils": "flake-utils_5",
        "nixpkgs": [
          "neovim-nightly",
          "nixpkgs"
        ]
      },
      "locked": {
        "dir": "contrib",
        "lastModified": 1713738262,
        "narHash": "sha256-DAO/QGWvkFgtr4T3N846+RD3r2y28FT1euxBrksF81Q=",
        "owner": "neovim",
        "repo": "neovim",
        "rev": "35e38833c54565b05a0c33ba44694fc1077dce97",
        "type": "github"
      },
      "original": {
        "dir": "contrib",
        "owner": "neovim",
        "repo": "neovim",
        "type": "github"
      }
    },
    "neovim-nightly": {
      "inputs": {
        "flake-compat": "flake-compat_3",
        "flake-parts": "flake-parts_2",
        "hercules-ci-effects": "hercules-ci-effects",
        "neovim-flake": "neovim-flake",
        "nixpkgs": "nixpkgs_7"
      },
      "locked": {
        "lastModified": 1713744246,
        "narHash": "sha256-yiA1w/cDsDImpysY3laG0LME5gObhpkt9wGAEjYS5zU=",
        "owner": "nix-community",
        "repo": "neovim-nightly-overlay",
        "rev": "cd9edee4273760731d7fe7efa44a706bd5c87c93",
        "type": "github"
      },
      "original": {
        "owner": "nix-community",
        "repo": "neovim-nightly-overlay",
        "type": "github"
      }
    },
    "nix-darwin": {
      "inputs": {
        "nixpkgs": [
          "nixpkgs"
        ]
      },
      "locked": {
        "lastModified": 1713128552,
        "narHash": "sha256-6R+TPgT6W65RTW8dmqaKa/cjMxpxb4ZKPpMKrlFKGK8=",
        "owner": "wegank",
        "repo": "nix-darwin",
        "rev": "ebfb593ddbffa771b648522bfa5d575231813f0c",
        "type": "github"
      },
      "original": {
        "owner": "wegank",
        "ref": "mddoc-remove",
        "repo": "nix-darwin",
        "type": "github"
      }
    },
    "nixpkgs": {
      "locked": {
        "lastModified": 1703013332,
        "narHash": "sha256-+tFNwMvlXLbJZXiMHqYq77z/RfmpfpiI3yjL6o/Zo9M=",
        "owner": "NixOS",
        "repo": "nixpkgs",
        "rev": "54aac082a4d9bb5bbc5c4e899603abfb76a3f6d6",
        "type": "github"
      },
      "original": {
        "owner": "NixOS",
        "ref": "nixos-unstable",
        "repo": "nixpkgs",
        "type": "github"
      }
    },
    "nixpkgs-lib": {
      "locked": {
        "dir": "lib",
        "lastModified": 1682879489,
        "narHash": "sha256-sASwo8gBt7JDnOOstnps90K1wxmVfyhsTPPNTGBPjjg=",
        "owner": "NixOS",
        "repo": "nixpkgs",
        "rev": "da45bf6ec7bbcc5d1e14d3795c025199f28e0de0",
        "type": "github"
      },
      "original": {
        "dir": "lib",
        "owner": "NixOS",
        "ref": "nixos-unstable",
        "repo": "nixpkgs",
        "type": "github"
      }
    },
    "nixpkgs_2": {
      "locked": {
        "lastModified": 1703961334,
        "narHash": "sha256-M1mV/Cq+pgjk0rt6VxoyyD+O8cOUiai8t9Q6Yyq4noY=",
        "owner": "NixOS",
        "repo": "nixpkgs",
        "rev": "b0d36bd0a420ecee3bc916c91886caca87c894e9",
        "type": "github"
      },
      "original": {
        "owner": "NixOS",
        "ref": "nixos-unstable",
        "repo": "nixpkgs",
        "type": "github"
      }
    },
    "nixpkgs_3": {
      "locked": {
        "lastModified": 1709101946,
        "narHash": "sha256-TsySgcWm/GlbYdL3AEva49ceeI2BdPQ7muwfYNr1fwo=",
        "owner": "NixOS",
        "repo": "nixpkgs",
        "rev": "d53c2037394da6fe98decca417fc8fda64bf2443",
        "type": "github"
      },
      "original": {
        "id": "nixpkgs",
        "ref": "nixpkgs-unstable",
        "type": "indirect"
      }
    },
    "nixpkgs_4": {
      "locked": {
        "lastModified": 1713714268,
        "narHash": "sha256-ZJGnom7YthvNxUZLdUzy5VePTwYgDYcnnPpyHT4n9lY=",
        "owner": "NixOS",
        "repo": "nixpkgs",
        "rev": "69ee1d82f1fa4c70a3dc9a64111e7eef3b8e4527",
        "type": "github"
      },
      "original": {
        "owner": "NixOS",
        "ref": "nixpkgs-unstable",
        "repo": "nixpkgs",
        "type": "github"
      }
    },
    "nixpkgs_5": {
      "locked": {
        "lastModified": 1644486793,
        "narHash": "sha256-EeijR4guVHgVv+JpOX3cQO+1XdrkJfGmiJ9XVsVU530=",
        "owner": "NixOS",
        "repo": "nixpkgs",
        "rev": "1882c6b7368fd284ad01b0a5b5601ef136321292",
        "type": "github"
      },
      "original": {
        "owner": "NixOS",
        "ref": "nixpkgs-unstable",
        "repo": "nixpkgs",
        "type": "github"
      }
    },
    "nixpkgs_6": {
      "locked": {
        "lastModified": 1644486793,
        "narHash": "sha256-EeijR4guVHgVv+JpOX3cQO+1XdrkJfGmiJ9XVsVU530=",
        "owner": "NixOS",
        "repo": "nixpkgs",
        "rev": "1882c6b7368fd284ad01b0a5b5601ef136321292",
        "type": "github"
      },
      "original": {
        "owner": "NixOS",
        "ref": "nixpkgs-unstable",
        "repo": "nixpkgs",
        "type": "github"
      }
    },
    "nixpkgs_7": {
      "locked": {
        "lastModified": 1713687659,
        "narHash": "sha256-Yd8KuOBpZ0Slau/NxFhMPJI0gBxeax0vq/FD0rqKwuQ=",
        "owner": "NixOS",
        "repo": "nixpkgs",
        "rev": "f2d7a289c5a5ece8521dd082b81ac7e4a57c2c5c",
        "type": "github"
      },
      "original": {
        "owner": "NixOS",
        "ref": "nixpkgs-unstable",
        "repo": "nixpkgs",
        "type": "github"
      }
    },
    "nixpkgs_8": {
      "locked": {
        "lastModified": 1713714268,
        "narHash": "sha256-ZJGnom7YthvNxUZLdUzy5VePTwYgDYcnnPpyHT4n9lY=",
        "owner": "nixos",
        "repo": "nixpkgs",
        "rev": "69ee1d82f1fa4c70a3dc9a64111e7eef3b8e4527",
        "type": "github"
      },
      "original": {
        "owner": "nixos",
        "ref": "nixpkgs-unstable",
        "repo": "nixpkgs",
        "type": "github"
      }
    },
    "nixpkgs_9": {
      "locked": {
        "lastModified": 1638239011,
        "narHash": "sha256-AjhmbT4UBlJWqxY0ea8a6GU2C2HdKUREkG43oRr3TZg=",
        "owner": "NixOS",
        "repo": "nixpkgs",
        "rev": "a7ecde854aee5c4c7cd6177f54a99d2c1ff28a31",
        "type": "github"
      },
      "original": {
        "owner": "NixOS",
        "ref": "21.11",
        "repo": "nixpkgs",
        "type": "github"
      }
    },
    "norg": {
      "inputs": {
        "flake-compat": "flake-compat",
        "flake-utils": "flake-utils_3",
        "nixpkgs": "nixpkgs_5"
      },
      "locked": {
        "lastModified": 1672582520,
        "narHash": "sha256-kv3UiJUqMSF1qd3r4OCWomVTHTYjwX/EBRWm8mOSdwg=",
        "owner": "nvim-neorg",
        "repo": "tree-sitter-norg",
        "rev": "d7a466e182a532065a559dbfc7a847271d5e9c29",
        "type": "github"
      },
      "original": {
        "owner": "nvim-neorg",
        "ref": "dev",
        "repo": "tree-sitter-norg",
        "type": "github"
      }
    },
    "norg-meta": {
      "inputs": {
        "flake-compat": "flake-compat_2",
        "flake-utils": "flake-utils_4",
        "nixpkgs": "nixpkgs_6"
      },
      "locked": {
        "lastModified": 1713028366,
        "narHash": "sha256-8qSdwHlfnjFuQF4zNdLtU2/tzDRhDZbo9K54Xxgn5+8=",
        "owner": "nvim-neorg",
        "repo": "tree-sitter-norg-meta",
        "rev": "6f0510cc516a3af3396a682fbd6655486c2c9d2d",
        "type": "github"
      },
      "original": {
        "owner": "nvim-neorg",
        "repo": "tree-sitter-norg-meta",
        "type": "github"
      }
    },
    "nvim-autopairs": {
      "flake": false,
      "locked": {
        "lastModified": 1708148756,
        "narHash": "sha256-HMHKYv+x3BIJnY1JZsoZApy0vRc9Isu9R/y24gIx834=",
        "owner": "windwp",
        "repo": "nvim-autopairs",
        "rev": "00def0123a1a728c313a7dd448727eac71392c57",
        "type": "github"
      },
      "original": {
        "owner": "windwp",
        "ref": "00def0123a1a728c313a7dd448727eac71392c57",
        "repo": "nvim-autopairs",
        "type": "github"
      }
    },
    "nvim-cmp": {
      "flake": false,
      "locked": {
        "lastModified": 1712041554,
        "narHash": "sha256-DBxQTmwuEGj2g7LP7d1PJk/SyO0iJq2CIIHsFh0QJ4I=",
        "owner": "hrsh7th",
        "repo": "nvim-cmp",
        "rev": "ce16de5665c766f39c271705b17fff06f7bcb84f",
        "type": "github"
      },
      "original": {
        "owner": "hrsh7th",
        "repo": "nvim-cmp",
        "type": "github"
      }
    },
    "nvim-colorizer-lua": {
      "flake": false,
      "locked": {
        "lastModified": 1591879145,
        "narHash": "sha256-6YrnItxExL2C8pNIdLd+hXCjsB2MbZANwWkah6dreD8=",
        "owner": "norcalli",
        "repo": "nvim-colorizer.lua",
        "rev": "36c610a9717cc9ec426a07c8e6bf3b3abcb139d6",
        "type": "github"
      },
      "original": {
        "owner": "norcalli",
        "repo": "nvim-colorizer.lua",
        "type": "github"
      }
    },
    "nvim-lspconfig": {
      "flake": false,
      "locked": {
        "lastModified": 1713507075,
        "narHash": "sha256-/SqLT0PG2RUWyknYpcXlcU/aUyKWZMBs35s1sPRkEmc=",
        "owner": "neovim",
        "repo": "nvim-lspconfig",
        "rev": "ed8b8a15acc441aec669f97d75f2c1f2ac8c8aa5",
        "type": "github"
      },
      "original": {
        "owner": "neovim",
        "repo": "nvim-lspconfig",
        "type": "github"
      }
    },
    "nvim-lualine": {
      "flake": false,
      "locked": {
        "lastModified": 1712310396,
        "narHash": "sha256-WcH2dWdRDgMkwBQhcgT+Z/ArMdm+VbRhmQftx4t2kNI=",
        "owner": "nvim-lualine",
        "repo": "lualine.nvim",
        "rev": "0a5a66803c7407767b799067986b4dc3036e1983",
        "type": "github"
      },
      "original": {
        "owner": "nvim-lualine",
        "repo": "lualine.nvim",
        "type": "github"
      }
    },
    "nvim-markdown": {
      "flake": false,
      "locked": {
        "lastModified": 1712081407,
        "narHash": "sha256-3qkWNiUL4j7I/oigDPD8RymzFvBXzx4KwTgQqAny8Bs=",
        "owner": "ixru",
        "repo": "nvim-markdown",
        "rev": "75639723c1a3a44366f80cff11383baf0799bcb5",
        "type": "github"
      },
      "original": {
        "owner": "ixru",
        "repo": "nvim-markdown",
        "type": "github"
      }
    },
    "nvim-tree-lua": {
      "flake": false,
      "locked": {
        "lastModified": 1713668329,
        "narHash": "sha256-QEvHQcEAGkm5UKVLc1DYvEqs5/JFNrkEFKHFZpe5ZDE=",
        "owner": "nvim-tree",
        "repo": "nvim-tree.lua",
        "rev": "ae8e46e8fabb32fa3ae5319383ea2c8763f14caa",
        "type": "github"
      },
      "original": {
        "owner": "nvim-tree",
        "repo": "nvim-tree.lua",
        "type": "github"
      }
    },
    "nvim-treesitter": {
      "flake": false,
      "locked": {
        "lastModified": 1713800705,
        "narHash": "sha256-diMPj1ZfQNURs5EU9tlmuBPNpVUMFah/OCfBz27cvks=",
        "owner": "nvim-treesitter",
        "repo": "nvim-treesitter",
        "rev": "c1d1b4084ef5239e2671f64d35962d184251aea4",
        "type": "github"
      },
      "original": {
        "owner": "nvim-treesitter",
        "repo": "nvim-treesitter",
        "type": "github"
      }
    },
    "nvim-web-devicons": {
      "flake": false,
      "locked": {
        "lastModified": 1713675782,
        "narHash": "sha256-AW2W6H7OTv52hfZCcYQc5UjFArBWKLeVclrwMt13HOM=",
        "owner": "nvim-tree",
        "repo": "nvim-web-devicons",
        "rev": "beb6367ab8496c9e43f22e0252735fdadae1872d",
        "type": "github"
      },
      "original": {
        "owner": "nvim-tree",
        "repo": "nvim-web-devicons",
        "type": "github"
      }
    },
    "nvim-window-picker": {
      "flake": false,
      "locked": {
        "lastModified": 1702792768,
        "narHash": "sha256-D5ikm5Fw0N/AjDL71cuATp1OCONuxPZNfEHuh0vXkq0=",
        "owner": "s1n7ax",
        "repo": "nvim-window-picker",
        "rev": "41cfaa428577c53552200a404ae9b3a0b5719706",
        "type": "github"
      },
      "original": {
        "owner": "s1n7ax",
        "repo": "nvim-window-picker",
        "type": "github"
      }
    },
    "plenary-nvim": {
      "flake": false,
      "locked": {
        "lastModified": 1713788468,
        "narHash": "sha256-orGs1npIGIk7MUYadatYrcEXygK7JTj6OqQwy2TLDn0=",
        "owner": "nvim-lua",
        "repo": "plenary.nvim",
        "rev": "5129a3693c482fcbc5ab99a7706ffc4360b995a0",
        "type": "github"
      },
      "original": {
        "owner": "nvim-lua",
        "repo": "plenary.nvim",
        "type": "github"
      }
    },
    "rainbow-delimiters": {
      "flake": false,
      "locked": {
        "lastModified": 1713475469,
        "narHash": "sha256-7ZAZm/BqvpkIJLQ24MbiFvgImv7t8UrdYXxRlDCa2mA=",
        "ref": "refs/heads/master",
        "rev": "7ef0766b5cd2f5cdf4fcb08886f0a2ebf65981fa",
        "revCount": 803,
        "type": "git",
        "url": "https://gitlab.com/HiPhish/rainbow-delimiters.nvim.git"
      },
      "original": {
        "type": "git",
        "url": "https://gitlab.com/HiPhish/rainbow-delimiters.nvim.git"
      }
    },
    "rest-nvim": {
      "flake": false,
      "locked": {
        "lastModified": 1713364868,
        "narHash": "sha256-7AGOqwNzZS8dTvqLJtpbFpUx1rhWSanUUshnR4X7VXs=",
        "owner": "rest-nvim",
        "repo": "rest.nvim",
        "rev": "20c5b5259afa7f4867474cc463211d64c93ba371",
        "type": "github"
      },
      "original": {
        "owner": "rest-nvim",
        "repo": "rest.nvim",
        "type": "github"
      }
    },
    "root": {
      "inputs": {
        "SchemaStore-nvim": "SchemaStore-nvim",
        "agenix": "agenix",
        "alacritty-theme": "alacritty-theme",
        "auto-save-nvim": "auto-save-nvim",
        "auto-session": "auto-session",
        "better-escape-nvim": "better-escape-nvim",
        "cmp-buffer": "cmp-buffer",
        "cmp-cmdline": "cmp-cmdline",
        "cmp-nvim-lsp": "cmp-nvim-lsp",
        "cmp-path": "cmp-path",
        "conform-nvim": "conform-nvim",
        "fast-syntax-highlighting": "fast-syntax-highlighting",
        "fidget-nvim": "fidget-nvim",
        "flatten-nvim": "flatten-nvim",
        "gitsigns-nvim": "gitsigns-nvim",
        "golink": "golink",
        "gruvbox-nvim": "gruvbox-nvim",
        "headlines-nvim": "headlines-nvim",
        "home-manager": "home-manager_2",
        "indent-blankline-nvim": "indent-blankline-nvim",
        "lspkind-nvim": "lspkind-nvim",
        "luasnip": "luasnip",
        "neodev-nvim": "neodev-nvim",
        "neogen": "neogen",
        "neorg-overlay": "neorg-overlay",
        "neovim-nightly": "neovim-nightly",
        "nix-darwin": "nix-darwin",
        "nixpkgs": "nixpkgs_8",
        "nvim-autopairs": "nvim-autopairs",
        "nvim-cmp": "nvim-cmp",
        "nvim-colorizer-lua": "nvim-colorizer-lua",
        "nvim-lspconfig": "nvim-lspconfig",
        "nvim-lualine": "nvim-lualine",
        "nvim-markdown": "nvim-markdown",
        "nvim-tree-lua": "nvim-tree-lua",
        "nvim-treesitter": "nvim-treesitter",
        "nvim-web-devicons": "nvim-web-devicons",
        "nvim-window-picker": "nvim-window-picker",
        "plenary-nvim": "plenary-nvim",
        "rainbow-delimiters": "rainbow-delimiters",
        "rest-nvim": "rest-nvim",
        "spacebar": "spacebar",
        "telescope-fzf-native-nvim": "telescope-fzf-native-nvim",
        "telescope-nvim": "telescope-nvim",
        "telescope-symbols-nvim": "telescope-symbols-nvim",
        "tmux-1password": "tmux-1password",
        "todo-comments-nvim": "todo-comments-nvim",
        "toggleterm-nvim": "toggleterm-nvim",
        "twilight-nvim": "twilight-nvim",
        "utils": "utils",
        "vim-illuminate": "vim-illuminate",
        "vim-nix": "vim-nix",
        "which-key-nvim": "which-key-nvim",
        "zen-mode-nvim": "zen-mode-nvim",
        "zsh-autopair": "zsh-autopair",
        "zsh-vi-mode": "zsh-vi-mode"
      }
    },
    "spacebar": {
      "inputs": {
        "flake-utils": "flake-utils_6",
        "nixpkgs": "nixpkgs_9"
      },
      "locked": {
        "lastModified": 1652089322,
        "narHash": "sha256-9RBiWNP9iL41nV/EUNuTehOsBL5pZA6pZfqkyEf1yrg=",
        "owner": "cmacrae",
        "repo": "spacebar",
        "rev": "8431008fcf97ba57228a21d212bfd1738db6e7c9",
        "type": "github"
      },
      "original": {
        "owner": "cmacrae",
        "repo": "spacebar",
        "type": "github"
      }
    },
    "systems": {
      "locked": {
        "lastModified": 1681028828,
        "narHash": "sha256-Vy1rq5AaRuLzOxct8nz4T6wlgyUR7zLU309k9mBC768=",
        "owner": "nix-systems",
        "repo": "default",
        "rev": "da67096a3b9bf56a91d16901293e51ba5b49a27e",
        "type": "github"
      },
      "original": {
        "owner": "nix-systems",
        "repo": "default",
        "type": "github"
      }
    },
    "systems_2": {
      "locked": {
        "lastModified": 1681028828,
        "narHash": "sha256-Vy1rq5AaRuLzOxct8nz4T6wlgyUR7zLU309k9mBC768=",
        "owner": "nix-systems",
        "repo": "default",
        "rev": "da67096a3b9bf56a91d16901293e51ba5b49a27e",
        "type": "github"
      },
      "original": {
        "owner": "nix-systems",
        "repo": "default",
        "type": "github"
      }
    },
    "systems_3": {
      "locked": {
        "lastModified": 1681028828,
        "narHash": "sha256-Vy1rq5AaRuLzOxct8nz4T6wlgyUR7zLU309k9mBC768=",
        "owner": "nix-systems",
        "repo": "default",
        "rev": "da67096a3b9bf56a91d16901293e51ba5b49a27e",
        "type": "github"
      },
      "original": {
        "owner": "nix-systems",
        "repo": "default",
        "type": "github"
      }
    },
    "systems_4": {
      "locked": {
        "lastModified": 1681028828,
        "narHash": "sha256-Vy1rq5AaRuLzOxct8nz4T6wlgyUR7zLU309k9mBC768=",
        "owner": "nix-systems",
        "repo": "default",
        "rev": "da67096a3b9bf56a91d16901293e51ba5b49a27e",
        "type": "github"
      },
      "original": {
        "owner": "nix-systems",
        "repo": "default",
        "type": "github"
      }
    },
    "systems_5": {
      "locked": {
        "lastModified": 1681028828,
        "narHash": "sha256-Vy1rq5AaRuLzOxct8nz4T6wlgyUR7zLU309k9mBC768=",
        "owner": "nix-systems",
        "repo": "default",
        "rev": "da67096a3b9bf56a91d16901293e51ba5b49a27e",
        "type": "github"
      },
      "original": {
        "owner": "nix-systems",
        "repo": "default",
        "type": "github"
      }
    },
    "telescope-fzf-native-nvim": {
      "flake": false,
      "locked": {
        "lastModified": 1709647247,
        "narHash": "sha256-rycebls3g0JCHM2+aG7xlJnX7ZPowqviaLbQrFSdflM=",
        "owner": "nvim-telescope",
        "repo": "telescope-fzf-native.nvim",
        "rev": "9ef21b2e6bb6ebeaf349a0781745549bbb870d27",
        "type": "github"
      },
      "original": {
        "owner": "nvim-telescope",
        "repo": "telescope-fzf-native.nvim",
        "type": "github"
      }
    },
    "telescope-nvim": {
      "flake": false,
      "locked": {
        "lastModified": 1713665692,
        "narHash": "sha256-wlRiwT1TCtwPXnIwnzqa6ZABUzJYn+lSRyvkqe6Dbsw=",
        "owner": "nvim-telescope",
        "repo": "telescope.nvim",
        "rev": "7d1698f3d88b448e0639974248cc17f49b7b8acf",
        "type": "github"
      },
      "original": {
        "owner": "nvim-telescope",
        "repo": "telescope.nvim",
        "type": "github"
      }
    },
    "telescope-symbols-nvim": {
      "flake": false,
      "locked": {
        "lastModified": 1700844890,
        "narHash": "sha256-zYON9z3ELwjfqZ11LD6E7M+bymuBHxrSjYXhsCPEwR8=",
        "owner": "nvim-telescope",
        "repo": "telescope-symbols.nvim",
        "rev": "a6d0127a53d39b9fc2af75bd169d288166118aec",
        "type": "github"
      },
      "original": {
        "owner": "nvim-telescope",
        "repo": "telescope-symbols.nvim",
        "type": "github"
      }
    },
    "tmux-1password": {
      "flake": false,
      "locked": {
        "lastModified": 1654937490,
        "narHash": "sha256-k+4mHE7oEjp85aPv0oOcjgecfvM/s0rG8x332bvn+4Y=",
        "owner": "yardnsm",
        "repo": "tmux-1password",
        "rev": "bb1bbd2acfe1b4d5dcf917f6ddf3b0f634a13362",
        "type": "github"
      },
      "original": {
        "owner": "yardnsm",
        "repo": "tmux-1password",
        "type": "github"
      }
    },
    "todo-comments-nvim": {
      "flake": false,
      "locked": {
        "lastModified": 1711553769,
        "narHash": "sha256-BJNU01iTRDNrPv48fgiJRS+ouaHkoqw2AYXKDRgDzfw=",
        "owner": "folke",
        "repo": "todo-comments.nvim",
        "rev": "a7e39ae9e74f2c8c6dc4eea6d40c3971ae84752d",
        "type": "github"
      },
      "original": {
        "owner": "folke",
        "repo": "todo-comments.nvim",
        "type": "github"
      }
    },
    "toggleterm-nvim": {
      "flake": false,
      "locked": {
        "lastModified": 1713792255,
        "narHash": "sha256-mM5bGgAemsRJD9U6U5K6ia5qb8NaTusM99x6xrtEBfw=",
        "owner": "akinsho",
        "repo": "toggleterm.nvim",
        "rev": "066cccf48a43553a80a210eb3be89a15d789d6e6",
        "type": "github"
      },
      "original": {
        "owner": "akinsho",
        "repo": "toggleterm.nvim",
        "type": "github"
      }
    },
    "twilight-nvim": {
      "flake": false,
      "locked": {
        "lastModified": 1695631985,
        "narHash": "sha256-WFE8FZU8E8i6mX9bFl80YkIypGXOOhKvGbLrBoPce0g=",
        "owner": "folke",
        "repo": "twilight.nvim",
        "rev": "8b7b50c0cb2dc781b2f4262a5ddd57571556d1e4",
        "type": "github"
      },
      "original": {
        "owner": "folke",
        "repo": "twilight.nvim",
        "type": "github"
      }
    },
    "utils": {
      "inputs": {
        "flake-utils": "flake-utils_7"
      },
      "locked": {
        "lastModified": 1696331477,
        "narHash": "sha256-YkbRa/1wQWdWkVJ01JvV+75KIdM37UErqKgTf0L54Fk=",
        "owner": "gytis-ivaskevicius",
        "repo": "flake-utils-plus",
        "rev": "bfc53579db89de750b25b0c5e7af299e0c06d7d3",
        "type": "github"
      },
      "original": {
        "owner": "gytis-ivaskevicius",
        "repo": "flake-utils-plus",
        "type": "github"
      }
    },
    "vim-illuminate": {
      "flake": false,
      "locked": {
        "lastModified": 1713467568,
        "narHash": "sha256-o0D1edrsHkaljrzBFZXjdxiK/5ziCGJxM/kYNJgBI1E=",
        "owner": "RRethy",
        "repo": "vim-illuminate",
        "rev": "e522e0dd742a83506db0a72e1ced68c9c130f185",
        "type": "github"
      },
      "original": {
        "owner": "RRethy",
        "repo": "vim-illuminate",
        "type": "github"
      }
    },
    "vim-nix": {
      "flake": false,
      "locked": {
        "lastModified": 1708772165,
        "narHash": "sha256-2/9eyU+uUbcKiNcBDdgdxCBp1vNSP51U/0LTHihEYJY=",
        "owner": "LnL7",
        "repo": "vim-nix",
        "rev": "e25cd0f2e5922f1f4d3cd969f92e35a9a327ffb0",
        "type": "github"
      },
      "original": {
        "owner": "LnL7",
        "repo": "vim-nix",
        "type": "github"
      }
    },
    "which-key-nvim": {
      "flake": false,
      "locked": {
        "lastModified": 1697801635,
        "narHash": "sha256-uvghPj/teWrRMm09Gh8iQ/LV2nYJw0lmoiZK6L4+1cY=",
        "owner": "folke",
        "repo": "which-key.nvim",
        "rev": "4433e5ec9a507e5097571ed55c02ea9658fb268a",
        "type": "github"
      },
      "original": {
        "owner": "folke",
        "repo": "which-key.nvim",
        "type": "github"
      }
    },
    "zen-mode-nvim": {
      "flake": false,
      "locked": {
        "lastModified": 1705847384,
        "narHash": "sha256-G5/AskXEA0vl9GGUR8NG8PmL/HFcItZJWB+LyKd3R2k=",
        "owner": "folke",
        "repo": "zen-mode.nvim",
        "rev": "78557d972b4bfbb7488e17b5703d25164ae64e6a",
        "type": "github"
      },
      "original": {
        "owner": "folke",
        "repo": "zen-mode.nvim",
        "type": "github"
      }
    },
    "zsh-autopair": {
      "flake": false,
      "locked": {
        "lastModified": 1709947643,
        "narHash": "sha256-Y7fkpvCOC/lC2CHYui+6vOdNO8dNHGrVYTGGNf9qgdg=",
        "owner": "hlissner",
        "repo": "zsh-autopair",
        "rev": "2ec3fd3c9b950c01dbffbb2a4d191e1d34b8c58a",
        "type": "github"
      },
      "original": {
        "owner": "hlissner",
        "repo": "zsh-autopair",
        "type": "github"
      }
    },
    "zsh-vi-mode": {
      "flake": false,
      "locked": {
        "lastModified": 1713663769,
        "narHash": "sha256-HMfC4s7KW4bO7H6RYzLnSARoFr1Ez89Z2VGONKMpGbw=",
        "owner": "jeffreytse",
        "repo": "zsh-vi-mode",
        "rev": "287efa19ec492b2f24bb93d1f4eaac3049743a63",
        "type": "github"
      },
      "original": {
        "owner": "jeffreytse",
        "repo": "zsh-vi-mode",
        "type": "github"
      }
    }
  },
  "root": "root",
  "version": 7
}
