# THIS IS AN AUTOGENERATED FILE. DO NOT EDIT THIS FILE DIRECTLY.
# yarn lockfile v1


object-assign@^4.1.1:
  version "4.1.1"
  resolved "https://registry.yarnpkg.com/object-assign/-/object-assign-4.1.1.tgz#2109adc7965887cfc05cbbd442cac8bfbb360863"

octicons@^7.0.1:
  version "7.0.1"
  resolved "https://registry.yarnpkg.com/octicons/-/octicons-7.0.1.tgz#2f8f8d71547213c50525b26684192d5e6be257fb"
  dependencies:
    object-assign "^4.1.1"
